
Microsoft Visual Studio Solution File, Format Version 12.00
# Visual Studio Version 17
VisualStudioVersion = 17.1.32421.90
MinimumVisualStudioVersion = 10.0.40219.1
Project("{FAE04EC0-301F-11D3-BF4B-00C04F79EFBC}") = "ReflactionsExamples", "ReflactionsExamples\ReflactionsExamples.csproj", "{C08503F5-CCB0-4B22-B923-FBD7F88BB713}"
EndProject
Global
	GlobalSection(SolutionConfigurationPlatforms) = preSolution
		Debug|Any CPU = Debug|Any CPU
		Release|Any CPU = Release|Any CPU
	EndGlobalSection
	GlobalSection(ProjectConfigurationPlatforms) = postSolution
		{C08503F5-CCB0-4B22-B923-FBD7F88BB713}.Debug|Any CPU.ActiveCfg = Debug|Any CPU
		{C08503F5-CCB0-4B22-B923-FBD7F88BB713}.Debug|Any CPU.Build.0 = Debug|Any CPU
		{C08503F5-CCB0-4B22-B923-FBD7F88BB713}.Release|Any CPU.ActiveCfg = Release|Any CPU
		{C08503F5-CCB0-4B22-B923-FBD7F88BB713}.Release|Any CPU.Build.0 = Release|Any CPU
	EndGlobalSection
	GlobalSection(SolutionProperties) = preSolution
		HideSolutionNode = FALSE
	EndGlobalSection
	GlobalSection(ExtensibilityGlobals) = postSolution
		SolutionGuid = {E5FBBBF5-D887-4E2D-94AA-7B871CDD8C70}
	EndGlobalSection
EndGlobal
